<?xml version="1.0" encoding="utf-8"?>
<Project ToolsVersion="4.0" xmlns="http://schemas.microsoft.com/developer/msbuild/2003">
  <ItemGroup>
    <Filter Include="リソース ファイル">
      <UniqueIdentifier>{67DA6AB6-F800-4c08-8B7A-83BB121AAD01}</UniqueIdentifier>
      <Extensions>rc;ico;cur;bmp;dlg;rc2;rct;bin;rgs;gif;jpg;jpeg;jpe;resx;tiff;tif;png;wav;mfcribbon-ms</Extensions>
    </Filter>
    <Filter Include="Source">
      <UniqueIdentifier>{abc46e0d-5c93-4b5c-bdab-9a43f99a74b3}</UniqueIdentifier>
    </Filter>
    <Filter Include="Source\Core">
      <UniqueIdentifier>{6c64e0e4-f7eb-4d37-af47-5fd4006700fb}</UniqueIdentifier>
    </Filter>
    <Filter Include="Source\DirectX">
      <UniqueIdentifier>{f9e50b3d-0be7-4b29-ac39-a50e9d5714fb}</UniqueIdentifier>
    </Filter>
    <Filter Include="Source\Graphics">
      <UniqueIdentifier>{d14a872f-1719-4669-80a3-b29e97d98446}</UniqueIdentifier>
    </Filter>
    <Filter Include="Source\Scenes">
      <UniqueIdentifier>{229d7e91-2cca-4934-8107-67d45d9d5049}</UniqueIdentifier>
    </Filter>
    <Filter Include="Shaders">
      <UniqueIdentifier>{e390a009-5510-4a04-a7af-8efe4c8cd6de}</UniqueIdentifier>
    </Filter>
    <Filter Include="Assets">
      <UniqueIdentifier>{d68cbf2e-48b3-4056-a66b-c5428c428370}</UniqueIdentifier>
    </Filter>
    <Filter Include="Source\GamePlay">
      <UniqueIdentifier>{f54cd52b-d12a-4551-ac41-71cad1f45a73}</UniqueIdentifier>
    </Filter>
    <Filter Include="Source\Utilities">
      <UniqueIdentifier>{cdd1634e-797f-4979-ad14-2fa8fa57108d}</UniqueIdentifier>
    </Filter>
  </ItemGroup>
  <ItemGroup>
    <ClInclude Include="Model.h">
      <Filter>Source\Graphics</Filter>
    </ClInclude>
    <ClInclude Include="Sprite.h">
      <Filter>Source\Graphics</Filter>
    </ClInclude>
    <ClInclude Include="Texture.h">
      <Filter>Source\Graphics</Filter>
    </ClInclude>
    <ClInclude Include="framework.h">
      <Filter>Source\Core</Filter>
    </ClInclude>
    <ClInclude Include="Game.h">
      <Filter>Source\Core</Filter>
    </ClInclude>
    <ClInclude Include="Project.h">
      <Filter>Source\Core</Filter>
    </ClInclude>
    <ClInclude Include="Resource.h">
      <Filter>Source\Core</Filter>
    </ClInclude>
    <ClInclude Include="targetver.h">
      <Filter>Source\Core</Filter>
    </ClInclude>
    <ClInclude Include="GameScene.h">
      <Filter>Source\Scenes</Filter>
    </ClInclude>
    <ClInclude Include="Scene.h">
      <Filter>Source\Scenes</Filter>
    </ClInclude>
    <ClInclude Include="SceneManager.h">
      <Filter>Source\Scenes</Filter>
    </ClInclude>
    <ClInclude Include="TitleScene.h">
      <Filter>Source\Scenes</Filter>
    </ClInclude>
    <ClInclude Include="Window.h">
      <Filter>Source\Core</Filter>
    </ClInclude>
    <ClInclude Include="Light.h">
      <Filter>Source\Graphics</Filter>
    </ClInclude>
    <ClInclude Include="GraphicsDevice.h">
      <Filter>Source\DirectX</Filter>
    </ClInclude>
    <ClInclude Include="SwapChain.h">
      <Filter>Source\DirectX</Filter>
    </ClInclude>
    <ClInclude Include="Renderer.h">
      <Filter>Source\DirectX</Filter>
    </ClInclude>
    <ClInclude Include="AssetLoader.h">
      <Filter>Source\Utilities</Filter>
    </ClInclude>
    <ClInclude Include="Timer.h">
      <Filter>Source\Utilities</Filter>
    </ClInclude>
    <ClInclude Include="MeshGenerator.h">
      <Filter>Source\Utilities</Filter>
    </ClInclude>
    <ClInclude Include="MazeGenerator.h">
      <Filter>Source\GamePlay</Filter>
    </ClInclude>
    <ClInclude Include="Camera.h">
      <Filter>Source\GamePlay</Filter>
    </ClInclude>
    <ClInclude Include="input.h">
      <Filter>Source\GamePlay</Filter>
    </ClInclude>
    <ClInclude Include="LightManager.h">
      <Filter>Source\GamePlay</Filter>
    </ClInclude>
    <ClInclude Include="ShaderManager.h">
      <Filter>Source\DirectX</Filter>
    </ClInclude>
    <ClInclude Include="ShadowMapper.h">
      <Filter>Source\DirectX</Filter>
    </ClInclude>
    <ClInclude Include="minimap.h">
      <Filter>Source\GamePlay</Filter>
    </ClInclude>
    <ClInclude Include="Player.h">
      <Filter>Source\GamePlay</Filter>
    </ClInclude>
    <ClInclude Include="PostProcess.h">
      <Filter>Source\Graphics</Filter>
    </ClInclude>
  </ItemGroup>
  <ItemGroup>
    <ClCompile Include="main.cpp">
      <Filter>Source\Core</Filter>
    </ClCompile>
    <ClCompile Include="Game.cpp">
      <Filter>Source\Core</Filter>
    </ClCompile>
    <ClCompile Include="GameScene.cpp">
      <Filter>Source\Scenes</Filter>
    </ClCompile>
    <ClCompile Include="SceneManager.cpp">
      <Filter>Source\Scenes</Filter>
    </ClCompile>
    <ClCompile Include="TitleScene.cpp">
      <Filter>Source\Scenes</Filter>
    </ClCompile>
    <ClCompile Include="Model.cpp">
      <Filter>Source\Graphics</Filter>
    </ClCompile>
    <ClCompile Include="Sprite.cpp">
      <Filter>Source\Graphics</Filter>
    </ClCompile>
    <ClCompile Include="Texture.cpp">
      <Filter>Source\Graphics</Filter>
    </ClCompile>
    <ClCompile Include="Window.cpp">
      <Filter>Source\Core</Filter>
    </ClCompile>
    <ClCompile Include="GraphicsDevice.cpp">
      <Filter>Source\DirectX</Filter>
    </ClCompile>
    <ClCompile Include="SwapChain.cpp">
      <Filter>Source\DirectX</Filter>
    </ClCompile>
    <ClCompile Include="Renderer.cpp">
      <Filter>Source\DirectX</Filter>
    </ClCompile>
    <ClCompile Include="AssetLoader.cpp">
      <Filter>Source\Utilities</Filter>
    </ClCompile>
    <ClCompile Include="Timer.cpp">
      <Filter>Source\Utilities</Filter>
    </ClCompile>
    <ClCompile Include="MeshGenerator.cpp">
      <Filter>Source\Utilities</Filter>
    </ClCompile>
    <ClCompile Include="MazeGenerator.cpp">
      <Filter>Source\GamePlay</Filter>
    </ClCompile>
    <ClCompile Include="Camera.cpp">
      <Filter>Source\GamePlay</Filter>
    </ClCompile>
    <ClCompile Include="input.cpp">
      <Filter>Source\GamePlay</Filter>
    </ClCompile>
    <ClCompile Include="LightManager.cpp">
      <Filter>Source\GamePlay</Filter>
    </ClCompile>
    <ClCompile Include="ShaderManager.cpp">
      <Filter>Source\DirectX</Filter>
    </ClCompile>
    <ClCompile Include="ShadowMapper.cpp">
      <Filter>Source\DirectX</Filter>
    </ClCompile>
    <ClCompile Include="minimap.cpp">
      <Filter>Source\GamePlay</Filter>
    </ClCompile>
    <ClCompile Include="Player.cpp">
      <Filter>Source\GamePlay</Filter>
    </ClCompile>
    <ClCompile Include="PostProcess.cpp">
      <Filter>Source\Graphics</Filter>
    </ClCompile>
  </ItemGroup>
  <ItemGroup>
    <ResourceCompile Include="Project.rc">
      <Filter>リソース ファイル</Filter>
    </ResourceCompile>
  </ItemGroup>
  <ItemGroup>
    <Image Include="small.ico">
      <Filter>リソース ファイル</Filter>
    </Image>
    <Image Include="Project.ico">
      <Filter>リソース ファイル</Filter>
    </Image>
    <Image Include="Assets\background.png">
      <Filter>Assets</Filter>
    </Image>
    <Image Include="Assets\button.png">
      <Filter>Assets</Filter>
    </Image>
    <Image Include="Assets\title.png">
      <Filter>Assets</Filter>
    </Image>
  </ItemGroup>
  <ItemGroup>
    <FxCompile Include="PixelShader.hlsl">
      <Filter>Shaders</Filter>
    </FxCompile>
    <FxCompile Include="VertexShader.hlsl">
      <Filter>Shaders</Filter>
    </FxCompile>
    <FxCompile Include="DepthVertexShader.hlsl">
      <Filter>Shaders</Filter>
    </FxCompile>
    <FxCompile Include="HorizontalBlur.hlsl">
      <Filter>Shaders</Filter>
    </FxCompile>
    <FxCompile Include="VerticalBlur.hlsl">
      <Filter>Shaders</Filter>
    </FxCompile>
    <FxCompile Include="MotionBlur.hlsl">
      <Filter>Shaders</Filter>
    </FxCompile>
  </ItemGroup>
</Project>